{
  "name": "phoenix-guillotine",
  "version": "0.3.0",
  "lockfileVersion": 3,
  "requires": true,
  "packages": {
    "": {
      "name": "phoenix-guillotine",
      "version": "0.3.0",
      "license": "MIT",
      "dependencies": {
        "@zag-js/dialog": "^0.82.0",
        "@zag-js/menu": "^0.82.0",
        "@zag-js/types": "^0.82.0"
      }
    },
    "node_modules/@floating-ui/core": {
      "version": "1.8.0",
      "resolved": "https://registry.npmjs.org/@floating-ui/core/-/core-1.8.0.tgz",
      "integrity": "sha512-0CIZ5itps/8x7BG8dEIhs53BvCUH2PCoogtakwRTut+Arm58sJooJ0AuZhLw2HJYIR5cMLNPBSS728sPho2khQ==",
      "license": "MIT",
      "dependencies": {
        "@floating-ui/utils": "^0.2.12"
      }
    },
    "node_modules/@floating-ui/dom": {
      "version": "1.6.13",
      "resolved": "https://registry.npmjs.org/@floating-ui/dom/-/dom-1.6.13.tgz",
      "integrity": "sha512-umqzocjDgNRGTuO7Q8CU32dkHkECqI8ZdMZ5Swb6QAM0t5rnlrN3lGo1hdpscRd3WS8T6DKYK4ephgIH9iRh3w==",
      "license": "MIT",
      "dependencies": {
        "@floating-ui/core": "^1.6.0",
        "@floating-ui/utils": "^0.2.9"
      }
    },
    "node_modules/@floating-ui/utils": {
      "version": "0.2.12",
      "resolved": "https://registry.npmjs.org/@floating-ui/utils/-/utils-0.2.12.tgz",
      "integrity": "sha512-HpCo8tmWzLVad5s2d19EhAz5zqrrQ6s69qd6moPMQvkOuSwDT1YgRfWSVuc4ennqrgv3OHppiOGMQ7oC13yIww==",
      "license": "MIT"
    },
    "node_modules/@zag-js/anatomy": {
      "version": "0.82.2",
      "resolved": "https://registry.npmjs.org/@zag-js/anatomy/-/anatomy-0.82.2.tgz",
      "integrity": "sha512-WHGKs5O443T2RSQQvUzYhEV5SNJxO5ysAnHxHdFLWBrMdLjLwLDnvyY7w30kzxeXR9/Z+2yxkgDipxRsC+qC8w==",
      "license": "MIT"
    },
    "node_modules/@zag-js/aria-hidden": {
      "version": "0.82.2",
      "resolved": "https://registry.npmjs.org/@zag-js/aria-hidden/-/aria-hidden-0.82.2.tgz",
      "integrity": "sha512-V+PjbCABKM4yxFnq9M/t3W1hvwLMVe/0Sj9VyOiAAJDICfSDudGzO+5EfJBTJt59z2Gr4r55X+wtH1uBOtTF7w==",
      "license": "MIT"
    },
    "node_modules/@zag-js/core": {
      "version": "0.82.2",
      "resolved": "https://registry.npmjs.org/@zag-js/core/-/core-0.82.2.tgz",
      "integrity": "sha512-yj4trnU4RzO4duiZJ7uvxECg+6MPVkEbTvTwf2TynotXBYX65LGMTqvMzZP062wvdu0jvTgZ/IbCpN1gc3hmsQ==",
      "license": "MIT",
      "dependencies": {
        "@zag-js/store": "0.82.2",
        "@zag-js/utils": "0.82.2"
      }
    },
    "node_modules/@zag-js/dialog": {
      "version": "0.82.2",
      "resolved": "https://registry.npmjs.org/@zag-js/dialog/-/dialog-0.82.2.tgz",
      "integrity": "sha512-p0E6m28HXQMFj+l0MHJcoh326+p/iMocDFOSL1JT3h/U7JLDeW3kNJvpVGK+6vCLngJ/jnAszgQQYhlaz5smJg==",
      "license": "MIT",
      "dependencies": {
        "@zag-js/anatomy": "0.82.2",
        "@zag-js/aria-hidden": "0.82.2",
        "@zag-js/core": "0.82.2",
        "@zag-js/dismissable": "0.82.2",
        "@zag-js/dom-query": "0.82.2",
        "@zag-js/focus-trap": "0.82.2",
        "@zag-js/remove-scroll": "0.82.2",
        "@zag-js/types": "0.82.2",
        "@zag-js/utils": "0.82.2"
      }
    },
    "node_modules/@zag-js/dialog/node_modules/@zag-js/dom-query": {
      "version": "0.82.2",
      "resolved": "https://registry.npmjs.org/@zag-js/dom-query/-/dom-query-0.82.2.tgz",
      "integrity": "sha512-4gI1A7Rh9/vZhOuuWzUldP3+2PIiOyR91TBDA0an1VICzHRKBelntlkBR6cZMtjH9gGxhSVxeKN2b060kJ8VQw==",
      "license": "MIT",
      "dependencies": {
        "@zag-js/types": "0.82.2"
      }
    },
    "node_modules/@zag-js/dismissable": {
      "version": "0.82.2",
      "resolved": "https://registry.npmjs.org/@zag-js/dismissable/-/dismissable-0.82.2.tgz",
      "integrity": "sha512-oi2wLiWEll9vhgFgE4FIH9aWPwId8QExO6kcnfeZPSkytnTRetKlyhj5xsOCygElZK994JRkFP3lpGrGCET+kg==",
      "license": "MIT",
      "dependencies": {
        "@zag-js/dom-query": "0.82.2",
        "@zag-js/interact-outside": "0.82.2",
        "@zag-js/utils": "0.82.2"
      }
    },
    "node_modules/@zag-js/dismissable/node_modules/@zag-js/dom-query": {
      "version": "0.82.2",
      "resolved": "https://registry.npmjs.org/@zag-js/dom-query/-/dom-query-0.82.2.tgz",
      "integrity": "sha512-4gI1A7Rh9/vZhOuuWzUldP3+2PIiOyR91TBDA0an1VICzHRKBelntlkBR6cZMtjH9gGxhSVxeKN2b060kJ8VQw==",
      "license": "MIT",
      "dependencies": {
        "@zag-js/types": "0.82.2"
      }
    },
    "node_modules/@zag-js/focus-trap": {
      "version": "0.82.2",
      "resolved": "https://registry.npmjs.org/@zag-js/focus-trap/-/focus-trap-0.82.2.tgz",
      "integrity": "sha512-TZNSAqqoml6avv6puO8afMJ0ttfYQC4BvIuA/Z8yjMVPvXHcUUeVyP5mgwp2tadMWY2TJ4Bv0/xxJJvvbwNNXQ==",
      "license": "MIT",
      "dependencies": {
        "@zag-js/dom-query": "0.82.2"
      }
    },
    "node_modules/@zag-js/focus-trap/node_modules/@zag-js/dom-query": {
      "version": "0.82.2",
      "resolved": "https://registry.npmjs.org/@zag-js/dom-query/-/dom-query-0.82.2.tgz",
      "integrity": "sha512-4gI1A7Rh9/vZhOuuWzUldP3+2PIiOyR91TBDA0an1VICzHRKBelntlkBR6cZMtjH9gGxhSVxeKN2b060kJ8VQw==",
      "license": "MIT",
      "dependencies": {
        "@zag-js/types": "0.82.2"
      }
    },
    "node_modules/@zag-js/interact-outside": {
      "version": "0.82.2",
      "resolved": "https://registry.npmjs.org/@zag-js/interact-outside/-/interact-outside-0.82.2.tgz",
      "integrity": "sha512-9AB7S6NpOr49oSh+nIl+X8wEiKj2YfXtW2Qk/GOTQ0eP9boXK45Y1pqjWvBpDF0rQYofnWPgoldw9B+rZa+lZQ==",
      "license": "MIT",
      "dependencies": {
        "@zag-js/dom-query": "0.82.2",
        "@zag-js/utils": "0.82.2"
      }
    },
    "node_modules/@zag-js/interact-outside/node_modules/@zag-js/dom-query": {
      "version": "0.82.2",
      "resolved": "https://registry.npmjs.org/@zag-js/dom-query/-/dom-query-0.82.2.tgz",
      "integrity": "sha512-4gI1A7Rh9/vZhOuuWzUldP3+2PIiOyR91TBDA0an1VICzHRKBelntlkBR6cZMtjH9gGxhSVxeKN2b060kJ8VQw==",
      "license": "MIT",
      "dependencies": {
        "@zag-js/types": "0.82.2"
      }
    },
    "node_modules/@zag-js/menu": {
      "version": "0.82.2",
      "resolved": "https://registry.npmjs.org/@zag-js/menu/-/menu-0.82.2.tgz",
      "integrity": "sha512-vPRLdv9ZcQYgzgtZimXY0LKj7Rs+3EPowc2GEWcMe5ergzhKRlmG/2eRn/mSgESnLmMNx6CaYAYQdNcndd+ksA==",
      "license": "MIT",
      "dependencies": {
        "@zag-js/anatomy": "0.82.2",
        "@zag-js/core": "0.82.2",
        "@zag-js/dismissable": "0.82.2",
        "@zag-js/dom-query": "0.82.2",
        "@zag-js/popper": "0.82.2",
        "@zag-js/rect-utils": "0.82.2",
        "@zag-js/types": "0.82.2",
        "@zag-js/utils": "0.82.2"
      }
    },
    "node_modules/@zag-js/menu/node_modules/@zag-js/dom-query": {
      "version": "0.82.2",
      "resolved": "https://registry.npmjs.org/@zag-js/dom-query/-/dom-query-0.82.2.tgz",
      "integrity": "sha512-4gI1A7Rh9/vZhOuuWzUldP3+2PIiOyR91TBDA0an1VICzHRKBelntlkBR6cZMtjH9gGxhSVxeKN2b060kJ8VQw==",
      "license": "MIT",
      "dependencies": {
        "@zag-js/types": "0.82.2"
      }
    },
    "node_modules/@zag-js/popper": {
      "version": "0.82.2",
      "resolved": "https://registry.npmjs.org/@zag-js/popper/-/popper-0.82.2.tgz",
      "integrity": "sha512-hrc9WtFge+m8zVgrxFxOPpBRvqf4YhWoJSnhPfjruBSJDrvrgBkozjCsazM3618b7bB+jpw4Pzj0H+lSsv4Ygw==",
      "license": "MIT",
      "dependencies": {
        "@floating-ui/dom": "1.6.13",
        "@zag-js/dom-query": "0.82.2",
        "@zag-js/utils": "0.82.2"
      }
    },
    "node_modules/@zag-js/popper/node_modules/@zag-js/dom-query": {
      "version": "0.82.2",
      "resolved": "https://registry.npmjs.org/@zag-js/dom-query/-/dom-query-0.82.2.tgz",
      "integrity": "sha512-4gI1A7Rh9/vZhOuuWzUldP3+2PIiOyR91TBDA0an1VICzHRKBelntlkBR6cZMtjH9gGxhSVxeKN2b060kJ8VQw==",
      "license": "MIT",
      "dependencies": {
        "@zag-js/types": "0.82.2"
      }
    },
    "node_modules/@zag-js/rect-utils": {
      "version": "0.82.2",
      "resolved": "https://registry.npmjs.org/@zag-js/rect-utils/-/rect-utils-0.82.2.tgz",
      "integrity": "sha512-cmjxI+90La4Kz4CeGAN7EJ6wFbPEjZArnvU7TeUA+FrgRQvotjFrzI4zZ20BTgnlgMH7ahVNFO2qsVp+kcc2LQ==",
      "license": "MIT"
    },
    "node_modules/@zag-js/remove-scroll": {
      "version": "0.82.2",
      "resolved": "https://registry.npmjs.org/@zag-js/remove-scroll/-/remove-scroll-0.82.2.tgz",
      "integrity": "sha512-v6ELaC9+sC+YoAkFjOBabjsXAoQgQA5secFDWWjzSVROWynH1mKNbBxakGCqEKtF67ZGbkAy+ysAZJoOkDsW4g==",
      "license": "MIT",
      "dependencies": {
        "@zag-js/dom-query": "0.82.2"
      }
    },
    "node_modules/@zag-js/remove-scroll/node_modules/@zag-js/dom-query": {
      "version": "0.82.2",
      "resolved": "https://registry.npmjs.org/@zag-js/dom-query/-/dom-query-0.82.2.tgz",
      "integrity": "sha512-4gI1A7Rh9/vZhOuuWzUldP3+2PIiOyR91TBDA0an1VICzHRKBelntlkBR6cZMtjH9gGxhSVxeKN2b060kJ8VQw==",
      "license": "MIT",
      "dependencies": {
        "@zag-js/types": "0.82.2"
      }
    },
    "node_modules/@zag-js/store": {
      "version": "0.82.2",
      "resolved": "https://registry.npmjs.org/@zag-js/store/-/store-0.82.2.tgz",
      "integrity": "sha512-tjG99kSFfnUHWMTe3y+CAqCrH/RGCB2V5y0BoasITYAqTpqbCfPJH0R2+UYsY3kLqPnE+JDkkh1TnwcqKLc0/w==",
      "license": "MIT",
      "dependencies": {
        "proxy-compare": "3.0.1"
      }
    },
    "node_modules/@zag-js/types": {
      "version": "0.82.2",
      "resolved": "https://registry.npmjs.org/@zag-js/types/-/types-0.82.2.tgz",
      "integrity": "sha512-OUN4QropdK3XZcjtm4n5JVMhbgp78F3pavLDvWCcwW0QwtckJljX6E17N9ViajVti8itKKXCuNRHCMhqLT8jwQ==",
      "license": "MIT",
      "dependencies": {
        "csstype": "3.1.3"
      }
    },
    "node_modules/@zag-js/utils": {
      "version": "0.82.2",
      "resolved": "https://registry.npmjs.org/@zag-js/utils/-/utils-0.82.2.tgz",
      "integrity": "sha512-tN87VEEoo240O2CzQdHvtBVPF8hHqLdpNzDT+obNIQrRj4wbNQ5Ze3Zwrd6/SoBe7ImKgkwbAlgu4k5+v9sDcA==",
      "license": "MIT"
    },
    "node_modules/csstype": {
      "version": "3.1.3",
      "resolved": "https://registry.npmjs.org/csstype/-/csstype-3.1.3.tgz",
      "integrity": "sha512-M1uQkMl8rQK/szD0LNhtqxIPLpimGm8sOBwU7lLnCpSbTyY3yeU1Vc7l4KT5zT4s/yOxHH5O7tIuuLOCnLADRw=="
    },
    "node_modules/proxy-compare": {
      "version": "3.0.1",
      "resolved": "https://registry.npmjs.org/proxy-compare/-/proxy-compare-3.0.1.tgz",
      "integrity": "sha512-V9plBAt3qjMlS1+nC8771KNf6oJ12gExvaxnNzN/9yVRLdTv/lc+oJlnSzrdYDAvBfTStPCoiaCOTmTs0adv7Q==",
      "license": "MIT"
    }
  }
}
