{
	"name": "assets",
	"version": "1.0.0",
	"lockfileVersion": 3,
	"requires": true,
	"packages": {
		"": {
			"name": "assets",
			"version": "1.0.0",
			"license": "MIT",
			"dependencies": {
				"@zag-js/accordion": "^0.51.1",
				"@zag-js/menu": "^0.51.1",
				"@zag-js/types": "^0.51.1"
			}
		},
		"node_modules/@floating-ui/core": {
			"version": "1.6.2",
			"resolved": "https://registry.npmjs.org/@floating-ui/core/-/core-1.6.2.tgz",
			"integrity": "sha512-+2XpQV9LLZeanU4ZevzRnGFg2neDeKHgFLjP6YLW+tly0IvrhqT4u8enLGjLH3qeh85g19xY5rsAusfwTdn5lg==",
			"dependencies": {
				"@floating-ui/utils": "^0.2.0"
			}
		},
		"node_modules/@floating-ui/dom": {
			"version": "1.6.5",
			"resolved": "https://registry.npmjs.org/@floating-ui/dom/-/dom-1.6.5.tgz",
			"integrity": "sha512-Nsdud2X65Dz+1RHjAIP0t8z5e2ff/IRbei6BqFrl1urT8sDVzM1HMQ+R0XcU5ceRfyO3I6ayeqIfh+6Wb8LGTw==",
			"dependencies": {
				"@floating-ui/core": "^1.0.0",
				"@floating-ui/utils": "^0.2.0"
			}
		},
		"node_modules/@floating-ui/utils": {
			"version": "0.2.2",
			"resolved": "https://registry.npmjs.org/@floating-ui/utils/-/utils-0.2.2.tgz",
			"integrity": "sha512-J4yDIIthosAsRZ5CPYP/jQvUAQtlZTTD/4suA08/FEnlxqW3sKS9iAhgsa9VYLZ6vDHn/ixJgIqRQPotoBjxIw=="
		},
		"node_modules/@zag-js/accordion": {
			"version": "0.51.1",
			"resolved": "https://registry.npmjs.org/@zag-js/accordion/-/accordion-0.51.1.tgz",
			"integrity": "sha512-rgmkYyMHkP0FzmPcqnnwCgXpXXnif7aBgrro8S2peM//Xb+SZ/RxU5MK9kJxQiiCTfJ/wVThQ0X8oVptyraTaQ==",
			"dependencies": {
				"@zag-js/anatomy": "0.51.1",
				"@zag-js/core": "0.51.1",
				"@zag-js/dom-event": "0.51.1",
				"@zag-js/dom-query": "0.51.1",
				"@zag-js/types": "0.51.1",
				"@zag-js/utils": "0.51.1"
			}
		},
		"node_modules/@zag-js/anatomy": {
			"version": "0.51.1",
			"resolved": "https://registry.npmjs.org/@zag-js/anatomy/-/anatomy-0.51.1.tgz",
			"integrity": "sha512-iW4VCASYpYxEyul1vayQ4nW1lVcnk2hys8AowsJuiUn+yib+/lV4cDfAcIUs2oLXO5JaYm9f9w5teliYOg5Vmg=="
		},
		"node_modules/@zag-js/core": {
			"version": "0.51.1",
			"resolved": "https://registry.npmjs.org/@zag-js/core/-/core-0.51.1.tgz",
			"integrity": "sha512-8G4RDY7335YjrXO/5A+c0YnAz3BcWaa7/CZkYFrnw/WGNqsePKt5FqT8A4zGM1naHMdGix4L6NaAIwCdo4q9YA==",
			"dependencies": {
				"@zag-js/store": "0.51.1",
				"klona": "2.0.6"
			}
		},
		"node_modules/@zag-js/dismissable": {
			"version": "0.51.1",
			"resolved": "https://registry.npmjs.org/@zag-js/dismissable/-/dismissable-0.51.1.tgz",
			"integrity": "sha512-Q1bLrFQ25DWE7mbYQ74uXVl3KxZpqA61Yz8G51ZKobX0LAsw8K1lkMCTeNBSJYgxRovMtYiLmIcMx0deKuYxXQ==",
			"dependencies": {
				"@zag-js/dom-event": "0.51.1",
				"@zag-js/dom-query": "0.51.1",
				"@zag-js/interact-outside": "0.51.1",
				"@zag-js/utils": "0.51.1"
			}
		},
		"node_modules/@zag-js/dom-event": {
			"version": "0.51.1",
			"resolved": "https://registry.npmjs.org/@zag-js/dom-event/-/dom-event-0.51.1.tgz",
			"integrity": "sha512-n1PoBxDI/vgAxLrQ4ENVLiX3ie+1VzftuPHa5MvNEHNfgeHNIExpw8d8XZ9Ix5hxO1gZvZdmDZ4BCNuxqGlL4Q==",
			"dependencies": {
				"@zag-js/dom-query": "0.51.1",
				"@zag-js/text-selection": "0.51.1",
				"@zag-js/types": "0.51.1"
			}
		},
		"node_modules/@zag-js/dom-query": {
			"version": "0.51.1",
			"resolved": "https://registry.npmjs.org/@zag-js/dom-query/-/dom-query-0.51.1.tgz",
			"integrity": "sha512-gwKOtDxx2IpRD7iO9gjk7HOxynOZvIDYE+B1TUwkh9X6DkbhSdItr2wx51xuIS4o/ITd45pObUCMR/5W4iP2ZQ=="
		},
		"node_modules/@zag-js/interact-outside": {
			"version": "0.51.1",
			"resolved": "https://registry.npmjs.org/@zag-js/interact-outside/-/interact-outside-0.51.1.tgz",
			"integrity": "sha512-u5wu6i+cpynaiNRYgTGoYSwFXBth+uWkHu4Xv/kFyQzBlTZDqo3xfNCwUw9tKUNlcbGVbqVQQLG3MxL4ISZFWQ==",
			"dependencies": {
				"@zag-js/dom-event": "0.51.1",
				"@zag-js/dom-query": "0.51.1",
				"@zag-js/utils": "0.51.1"
			}
		},
		"node_modules/@zag-js/menu": {
			"version": "0.51.1",
			"resolved": "https://registry.npmjs.org/@zag-js/menu/-/menu-0.51.1.tgz",
			"integrity": "sha512-BHM8xTvD0Yqt6tw8R1UcHegkHQ9riVJj9RG0IOP2F0zi2u2lYnH2C/9eN5F5uMjMfCd3q5DU1PiFqXeDhdUIFw==",
			"dependencies": {
				"@zag-js/anatomy": "0.51.1",
				"@zag-js/core": "0.51.1",
				"@zag-js/dismissable": "0.51.1",
				"@zag-js/dom-event": "0.51.1",
				"@zag-js/dom-query": "0.51.1",
				"@zag-js/popper": "0.51.1",
				"@zag-js/rect-utils": "0.51.1",
				"@zag-js/types": "0.51.1",
				"@zag-js/utils": "0.51.1"
			}
		},
		"node_modules/@zag-js/popper": {
			"version": "0.51.1",
			"resolved": "https://registry.npmjs.org/@zag-js/popper/-/popper-0.51.1.tgz",
			"integrity": "sha512-pqWLil4kU3B2XieI9ckeIDSSTJCMGBgxr6cFo4QutyHjtV+f974c23GtrqWOkbKtd+ZEsXgBnq9wibrkIJBsew==",
			"dependencies": {
				"@floating-ui/dom": "1.6.5",
				"@zag-js/dom-query": "0.51.1",
				"@zag-js/utils": "0.51.1"
			}
		},
		"node_modules/@zag-js/rect-utils": {
			"version": "0.51.1",
			"resolved": "https://registry.npmjs.org/@zag-js/rect-utils/-/rect-utils-0.51.1.tgz",
			"integrity": "sha512-Um8V3CfmYymuBiV6jL0zATDWlx+K0iSk8VsIZN2JnSG3xbCuWhIfgzBEb2HoJHJsWHIajXMG1prVhfyP/RU2Ew=="
		},
		"node_modules/@zag-js/store": {
			"version": "0.51.1",
			"resolved": "https://registry.npmjs.org/@zag-js/store/-/store-0.51.1.tgz",
			"integrity": "sha512-jpAJVkLhvkqBbowfLfMoDB+qf+WP+koTNdfoxqrIWYCWJ/YG/sIUKfTCw9IRuxzls7B8+PL90qIXSVW3M2DMqw==",
			"dependencies": {
				"proxy-compare": "3.0.0"
			}
		},
		"node_modules/@zag-js/text-selection": {
			"version": "0.51.1",
			"resolved": "https://registry.npmjs.org/@zag-js/text-selection/-/text-selection-0.51.1.tgz",
			"integrity": "sha512-XYMIwXXH+dBAtLxTXxIVep3jEMC4y2e0eOejtU+l3+cmqfr+oc2SST8aXA/PgnmItlCOSj5ZujsYPghZ2j4a7w==",
			"dependencies": {
				"@zag-js/dom-query": "0.51.1"
			}
		},
		"node_modules/@zag-js/types": {
			"version": "0.51.1",
			"resolved": "https://registry.npmjs.org/@zag-js/types/-/types-0.51.1.tgz",
			"integrity": "sha512-54/ejMS4aw/OUEGrEjs6WMkwOJYwklkWKXiF/j2NGEvB6AK2ccLktGLBGm51zKHNQSaW7MoYcMR5GPD8gMhMkw==",
			"dependencies": {
				"csstype": "3.1.3"
			}
		},
		"node_modules/@zag-js/utils": {
			"version": "0.51.1",
			"resolved": "https://registry.npmjs.org/@zag-js/utils/-/utils-0.51.1.tgz",
			"integrity": "sha512-nXTmIazGPZ4wr6fe4WYe012sfyIr2CIqEwBHYsEOk8K5FSYImHlPxbwkCVU2IDd5xF9STUbYNVcDhh85oymbDQ=="
		},
		"node_modules/csstype": {
			"version": "3.1.3",
			"resolved": "https://registry.npmjs.org/csstype/-/csstype-3.1.3.tgz",
			"integrity": "sha512-M1uQkMl8rQK/szD0LNhtqxIPLpimGm8sOBwU7lLnCpSbTyY3yeU1Vc7l4KT5zT4s/yOxHH5O7tIuuLOCnLADRw=="
		},
		"node_modules/klona": {
			"version": "2.0.6",
			"resolved": "https://registry.npmjs.org/klona/-/klona-2.0.6.tgz",
			"integrity": "sha512-dhG34DXATL5hSxJbIexCft8FChFXtmskoZYnoPWjXQuebWYCNkVeV3KkGegCK9CP1oswI/vQibS2GY7Em/sJJA==",
			"engines": {
				"node": ">= 8"
			}
		},
		"node_modules/proxy-compare": {
			"version": "3.0.0",
			"resolved": "https://registry.npmjs.org/proxy-compare/-/proxy-compare-3.0.0.tgz",
			"integrity": "sha512-y44MCkgtZUCT9tZGuE278fB7PWVf7fRYy0vbRXAts2o5F0EfC4fIQrvQQGBJo1WJbFcVLXzApOscyJuZqHQc1w=="
		}
	}
}
