{
  "name": "phoenix-guillotine",
  "version": "0.3.0",
  "lockfileVersion": 3,
  "requires": true,
  "packages": {
    "": {
      "name": "phoenix-guillotine",
      "version": "0.3.0",
      "license": "MIT",
      "dependencies": {
        "@zag-js/dialog": "^1.0.0",
        "@zag-js/menu": "^1.0.0",
        "@zag-js/types": "^1.0.0"
      }
    },
    "node_modules/@floating-ui/core": {
      "version": "1.8.0",
      "resolved": "https://registry.npmjs.org/@floating-ui/core/-/core-1.8.0.tgz",
      "integrity": "sha512-0CIZ5itps/8x7BG8dEIhs53BvCUH2PCoogtakwRTut+Arm58sJooJ0AuZhLw2HJYIR5cMLNPBSS728sPho2khQ==",
      "license": "MIT",
      "dependencies": {
        "@floating-ui/utils": "^0.2.12"
      }
    },
    "node_modules/@floating-ui/dom": {
      "version": "1.8.0",
      "resolved": "https://registry.npmjs.org/@floating-ui/dom/-/dom-1.8.0.tgz",
      "integrity": "sha512-yXSrzeHZBTZadLOlfyhCkJHNeLJnHRnRInwdZ40L7ZiaAtrBwoYlsDrX3v5zB1Utk7CLfzcOVnVVWoXEky7Ceg==",
      "license": "MIT",
      "dependencies": {
        "@floating-ui/core": "^1.8.0",
        "@floating-ui/utils": "^0.2.12"
      }
    },
    "node_modules/@floating-ui/utils": {
      "version": "0.2.12",
      "resolved": "https://registry.npmjs.org/@floating-ui/utils/-/utils-0.2.12.tgz",
      "integrity": "sha512-HpCo8tmWzLVad5s2d19EhAz5zqrrQ6s69qd6moPMQvkOuSwDT1YgRfWSVuc4ennqrgv3OHppiOGMQ7oC13yIww==",
      "license": "MIT"
    },
    "node_modules/@zag-js/anatomy": {
      "version": "1.43.3",
      "resolved": "https://registry.npmjs.org/@zag-js/anatomy/-/anatomy-1.43.3.tgz",
      "integrity": "sha512-KzosWgu0TTtdBNHPUZg2W8E5JsGsExQ8oGkLDmV6Sym9twaATU2YVMCWsfitq3Isss4099wNMsHdjEPK2UyCjw==",
      "license": "MIT"
    },
    "node_modules/@zag-js/aria-hidden": {
      "version": "1.43.3",
      "resolved": "https://registry.npmjs.org/@zag-js/aria-hidden/-/aria-hidden-1.43.3.tgz",
      "integrity": "sha512-f8mqntgsDQFwPDlClF30oXJolY26sg1lnYe6avQB79kwgUQKvw10aYeiUou2INYN7mACNs4nNERfAf1/p54jHw==",
      "license": "MIT",
      "dependencies": {
        "@zag-js/dom-query": "1.43.3"
      }
    },
    "node_modules/@zag-js/aria-hidden/node_modules/@zag-js/dom-query": {
      "version": "1.43.3",
      "resolved": "https://registry.npmjs.org/@zag-js/dom-query/-/dom-query-1.43.3.tgz",
      "integrity": "sha512-kpTTYMemMmHxhp4gyOllK7/Lf86AySTO+AlGds9iQM21eUwi1jvc9q3VTxP+qD/KwHePGftfPwkwxifC3iSGbw==",
      "license": "MIT",
      "dependencies": {
        "@zag-js/types": "1.43.3"
      }
    },
    "node_modules/@zag-js/core": {
      "version": "1.43.3",
      "resolved": "https://registry.npmjs.org/@zag-js/core/-/core-1.43.3.tgz",
      "integrity": "sha512-afREBcZWvPLHz/2AxJeuAP2o6+o3V7NZO/MutLhdclKaVSBlPzCr6qqP9k8hq1zOxk1jogKT5VVGielzWDY2Dw==",
      "license": "MIT",
      "dependencies": {
        "@zag-js/dom-query": "1.43.3",
        "@zag-js/utils": "1.43.3"
      }
    },
    "node_modules/@zag-js/core/node_modules/@zag-js/dom-query": {
      "version": "1.43.3",
      "resolved": "https://registry.npmjs.org/@zag-js/dom-query/-/dom-query-1.43.3.tgz",
      "integrity": "sha512-kpTTYMemMmHxhp4gyOllK7/Lf86AySTO+AlGds9iQM21eUwi1jvc9q3VTxP+qD/KwHePGftfPwkwxifC3iSGbw==",
      "license": "MIT",
      "dependencies": {
        "@zag-js/types": "1.43.3"
      }
    },
    "node_modules/@zag-js/dialog": {
      "version": "1.43.3",
      "resolved": "https://registry.npmjs.org/@zag-js/dialog/-/dialog-1.43.3.tgz",
      "integrity": "sha512-DGIUQ686slMHiphl5di/0hmsg+sWL5vlTxZtVZ+5zvNYTWgEVpz8bUXXnGrIsVBXkWgK8CVL34pdMCs3jAmQXA==",
      "license": "MIT",
      "dependencies": {
        "@zag-js/anatomy": "1.43.3",
        "@zag-js/aria-hidden": "1.43.3",
        "@zag-js/core": "1.43.3",
        "@zag-js/dismissable": "1.43.3",
        "@zag-js/dom-query": "1.43.3",
        "@zag-js/focus-trap": "1.43.3",
        "@zag-js/remove-scroll": "1.43.3",
        "@zag-js/types": "1.43.3",
        "@zag-js/utils": "1.43.3"
      }
    },
    "node_modules/@zag-js/dialog/node_modules/@zag-js/dom-query": {
      "version": "1.43.3",
      "resolved": "https://registry.npmjs.org/@zag-js/dom-query/-/dom-query-1.43.3.tgz",
      "integrity": "sha512-kpTTYMemMmHxhp4gyOllK7/Lf86AySTO+AlGds9iQM21eUwi1jvc9q3VTxP+qD/KwHePGftfPwkwxifC3iSGbw==",
      "license": "MIT",
      "dependencies": {
        "@zag-js/types": "1.43.3"
      }
    },
    "node_modules/@zag-js/dismissable": {
      "version": "1.43.3",
      "resolved": "https://registry.npmjs.org/@zag-js/dismissable/-/dismissable-1.43.3.tgz",
      "integrity": "sha512-3znmDAC6qv7I9h/ZInVE+sFxE2wcBeQhT0bEiUjXAlgFGgaVmgA6A0ElGI7CDrot8qhgC88BZQisMWfYRRWgeg==",
      "license": "MIT",
      "dependencies": {
        "@zag-js/dom-query": "1.43.3",
        "@zag-js/interact-outside": "1.43.3",
        "@zag-js/utils": "1.43.3"
      }
    },
    "node_modules/@zag-js/dismissable/node_modules/@zag-js/dom-query": {
      "version": "1.43.3",
      "resolved": "https://registry.npmjs.org/@zag-js/dom-query/-/dom-query-1.43.3.tgz",
      "integrity": "sha512-kpTTYMemMmHxhp4gyOllK7/Lf86AySTO+AlGds9iQM21eUwi1jvc9q3VTxP+qD/KwHePGftfPwkwxifC3iSGbw==",
      "license": "MIT",
      "dependencies": {
        "@zag-js/types": "1.43.3"
      }
    },
    "node_modules/@zag-js/focus-trap": {
      "version": "1.43.3",
      "resolved": "https://registry.npmjs.org/@zag-js/focus-trap/-/focus-trap-1.43.3.tgz",
      "integrity": "sha512-/U4xWaHvHL83yDylTjLE1txCd0FR3As/1qgFWpzb1qOGWiCp/9NrLHVfegjDPgaoKLHRC4kEHzN+0NYNGHBXgQ==",
      "license": "MIT",
      "dependencies": {
        "@zag-js/dom-query": "1.43.3"
      }
    },
    "node_modules/@zag-js/focus-trap/node_modules/@zag-js/dom-query": {
      "version": "1.43.3",
      "resolved": "https://registry.npmjs.org/@zag-js/dom-query/-/dom-query-1.43.3.tgz",
      "integrity": "sha512-kpTTYMemMmHxhp4gyOllK7/Lf86AySTO+AlGds9iQM21eUwi1jvc9q3VTxP+qD/KwHePGftfPwkwxifC3iSGbw==",
      "license": "MIT",
      "dependencies": {
        "@zag-js/types": "1.43.3"
      }
    },
    "node_modules/@zag-js/focus-visible": {
      "version": "1.43.3",
      "resolved": "https://registry.npmjs.org/@zag-js/focus-visible/-/focus-visible-1.43.3.tgz",
      "integrity": "sha512-32l21nQUI328nfNTe2adXyXj+8t1ltDaEm7IQGmhtAw/DuIKvjpEkhJZHL1zUSlp47QGNfuYGPeD+ZXaZWFWMA==",
      "license": "MIT",
      "dependencies": {
        "@zag-js/dom-query": "1.43.3"
      }
    },
    "node_modules/@zag-js/focus-visible/node_modules/@zag-js/dom-query": {
      "version": "1.43.3",
      "resolved": "https://registry.npmjs.org/@zag-js/dom-query/-/dom-query-1.43.3.tgz",
      "integrity": "sha512-kpTTYMemMmHxhp4gyOllK7/Lf86AySTO+AlGds9iQM21eUwi1jvc9q3VTxP+qD/KwHePGftfPwkwxifC3iSGbw==",
      "license": "MIT",
      "dependencies": {
        "@zag-js/types": "1.43.3"
      }
    },
    "node_modules/@zag-js/interact-outside": {
      "version": "1.43.3",
      "resolved": "https://registry.npmjs.org/@zag-js/interact-outside/-/interact-outside-1.43.3.tgz",
      "integrity": "sha512-qgyAyWELSzFrHUtB6D7IzemI48NjX7E5oIDCXsz/DBPh+ybsK+pKMGsZkduTCK+uEqJcA/w+DAWaDUOxhjqvWA==",
      "license": "MIT",
      "dependencies": {
        "@zag-js/dom-query": "1.43.3",
        "@zag-js/utils": "1.43.3"
      }
    },
    "node_modules/@zag-js/interact-outside/node_modules/@zag-js/dom-query": {
      "version": "1.43.3",
      "resolved": "https://registry.npmjs.org/@zag-js/dom-query/-/dom-query-1.43.3.tgz",
      "integrity": "sha512-kpTTYMemMmHxhp4gyOllK7/Lf86AySTO+AlGds9iQM21eUwi1jvc9q3VTxP+qD/KwHePGftfPwkwxifC3iSGbw==",
      "license": "MIT",
      "dependencies": {
        "@zag-js/types": "1.43.3"
      }
    },
    "node_modules/@zag-js/menu": {
      "version": "1.43.3",
      "resolved": "https://registry.npmjs.org/@zag-js/menu/-/menu-1.43.3.tgz",
      "integrity": "sha512-RGCqRv/GeEehBYOB3JV0NUfyfaWW5KBN79RHUUYpxF9DMsPM8igHOzuoOoz+FaYoepjC34oMtmWicF1Dan6apA==",
      "license": "MIT",
      "dependencies": {
        "@zag-js/anatomy": "1.43.3",
        "@zag-js/core": "1.43.3",
        "@zag-js/dismissable": "1.43.3",
        "@zag-js/dom-query": "1.43.3",
        "@zag-js/focus-visible": "1.43.3",
        "@zag-js/popper": "1.43.3",
        "@zag-js/rect-utils": "1.43.3",
        "@zag-js/types": "1.43.3",
        "@zag-js/utils": "1.43.3"
      }
    },
    "node_modules/@zag-js/menu/node_modules/@zag-js/dom-query": {
      "version": "1.43.3",
      "resolved": "https://registry.npmjs.org/@zag-js/dom-query/-/dom-query-1.43.3.tgz",
      "integrity": "sha512-kpTTYMemMmHxhp4gyOllK7/Lf86AySTO+AlGds9iQM21eUwi1jvc9q3VTxP+qD/KwHePGftfPwkwxifC3iSGbw==",
      "license": "MIT",
      "dependencies": {
        "@zag-js/types": "1.43.3"
      }
    },
    "node_modules/@zag-js/popper": {
      "version": "1.43.3",
      "resolved": "https://registry.npmjs.org/@zag-js/popper/-/popper-1.43.3.tgz",
      "integrity": "sha512-99PPQerLylh+ouG16d0Go0UgpLR3rCQvWMmJoO5Ti8+2Ww3aqBNLTqpF0rJuLPe1Ps4BfEt5Lr4dYhL1ixgbRQ==",
      "license": "MIT",
      "dependencies": {
        "@floating-ui/dom": "^1.7.6",
        "@zag-js/dom-query": "1.43.3",
        "@zag-js/utils": "1.43.3"
      }
    },
    "node_modules/@zag-js/popper/node_modules/@zag-js/dom-query": {
      "version": "1.43.3",
      "resolved": "https://registry.npmjs.org/@zag-js/dom-query/-/dom-query-1.43.3.tgz",
      "integrity": "sha512-kpTTYMemMmHxhp4gyOllK7/Lf86AySTO+AlGds9iQM21eUwi1jvc9q3VTxP+qD/KwHePGftfPwkwxifC3iSGbw==",
      "license": "MIT",
      "dependencies": {
        "@zag-js/types": "1.43.3"
      }
    },
    "node_modules/@zag-js/rect-utils": {
      "version": "1.43.3",
      "resolved": "https://registry.npmjs.org/@zag-js/rect-utils/-/rect-utils-1.43.3.tgz",
      "integrity": "sha512-xZA5IKUtQeRKdzM+9jGj8R18MXmORDO0smXAAoyFj1Swj/uB17eVwvsWoQLXbb/AaYXEzSIJXNUt21n3GAX24Q==",
      "license": "MIT"
    },
    "node_modules/@zag-js/remove-scroll": {
      "version": "1.43.3",
      "resolved": "https://registry.npmjs.org/@zag-js/remove-scroll/-/remove-scroll-1.43.3.tgz",
      "integrity": "sha512-1bX6IQM7q26uL0476wFqtaebeIeDheyJd8fuje2zXTCg1XDRHJmRsM/tzcmcdi4W5s+hG0cUCfuVzUTXvODM5Q==",
      "license": "MIT",
      "dependencies": {
        "@zag-js/dom-query": "1.43.3"
      }
    },
    "node_modules/@zag-js/remove-scroll/node_modules/@zag-js/dom-query": {
      "version": "1.43.3",
      "resolved": "https://registry.npmjs.org/@zag-js/dom-query/-/dom-query-1.43.3.tgz",
      "integrity": "sha512-kpTTYMemMmHxhp4gyOllK7/Lf86AySTO+AlGds9iQM21eUwi1jvc9q3VTxP+qD/KwHePGftfPwkwxifC3iSGbw==",
      "license": "MIT",
      "dependencies": {
        "@zag-js/types": "1.43.3"
      }
    },
    "node_modules/@zag-js/types": {
      "version": "1.43.3",
      "resolved": "https://registry.npmjs.org/@zag-js/types/-/types-1.43.3.tgz",
      "integrity": "sha512-QokzUgkJ7a/TRE8SAXqlm1XfiNDbyM8y+mx0PpmzHa8bvmWXLEe/Zx2TRz8aYoGim75NluYzDy3x+WWileF7uA==",
      "license": "MIT",
      "dependencies": {
        "csstype": "3.2.3"
      }
    },
    "node_modules/@zag-js/utils": {
      "version": "1.43.3",
      "resolved": "https://registry.npmjs.org/@zag-js/utils/-/utils-1.43.3.tgz",
      "integrity": "sha512-9P9fvFFxuiDcLqX0BYgGNkf0/a/id32nHvQpwgv/Xv3b9n5yeyw2U8nKefpWr+1VfFsrpf2XMXiA2CDSWZgt2g==",
      "license": "MIT"
    },
    "node_modules/csstype": {
      "version": "3.2.3",
      "resolved": "https://registry.npmjs.org/csstype/-/csstype-3.2.3.tgz",
      "integrity": "sha512-z1HGKcYy2xA8AGQfwrn0PAy+PB7X/GSj3UVJW9qKyn43xWa+gl5nXmU4qqLMRzWVLFC8KusUX8T/0kCiOYpAIQ==",
      "license": "MIT"
    }
  }
}
